
Microsoft Visual Studio Solution File, Format Version 12.00
Project("{FAE04EC0-301F-11D3-BF4B-00C04F79EFBC}") = "api", "api\api.csproj", "{D0082E9E-7348-4097-8CB2-AFB9E7F4673C}"
EndProject
Project("{FAE04EC0-301F-11D3-BF4B-00C04F79EFBC}") = "Test", "Test\Test.csproj", "{A09D9D77-DB3B-4039-8ED9-6E51C152CA62}"
EndProject
Global
	GlobalSection(SolutionConfigurationPlatforms) = preSolution
		Debug|Any CPU = Debug|Any CPU
		Release|Any CPU = Release|Any CPU
	EndGlobalSection
	GlobalSection(ProjectConfigurationPlatforms) = postSolution
		{D0082E9E-7348-4097-8CB2-AFB9E7F4673C}.Debug|Any CPU.ActiveCfg = Debug|Any CPU
		{D0082E9E-7348-4097-8CB2-AFB9E7F4673C}.Debug|Any CPU.Build.0 = Debug|Any CPU
		{D0082E9E-7348-4097-8CB2-AFB9E7F4673C}.Release|Any CPU.ActiveCfg = Release|Any CPU
		{D0082E9E-7348-4097-8CB2-AFB9E7F4673C}.Release|Any CPU.Build.0 = Release|Any CPU
		{A09D9D77-DB3B-4039-8ED9-6E51C152CA62}.Debug|Any CPU.ActiveCfg = Debug|Any CPU
		{A09D9D77-DB3B-4039-8ED9-6E51C152CA62}.Debug|Any CPU.Build.0 = Debug|Any CPU
		{A09D9D77-DB3B-4039-8ED9-6E51C152CA62}.Release|Any CPU.ActiveCfg = Release|Any CPU
		{A09D9D77-DB3B-4039-8ED9-6E51C152CA62}.Release|Any CPU.Build.0 = Release|Any CPU
	EndGlobalSection
EndGlobal
